
Microsoft Visual Studio Solution File, Format Version 12.00
# Visual Studio Version 17
VisualStudioVersion = 17.7.34221.43
MinimumVisualStudioVersion = 10.0.40219.1
Project("{FAE04EC0-301F-11D3-BF4B-00C04F79EFBC}") = "VideoPresenterSample", "VideoPresenterSample\VideoPresenterSample.csproj", "{DB050918-1445-47DD-8024-887220B4BAC1}"
EndProject
Global
	GlobalSection(SolutionConfigurationPlatforms) = preSolution
		Debug|Any CPU = Debug|Any CPU
		Release|Any CPU = Release|Any CPU
	EndGlobalSection
	GlobalSection(ProjectConfigurationPlatforms) = postSolution
		{DB050918-1445-47DD-8024-887220B4BAC1}.Debug|Any CPU.ActiveCfg = Debug|Any CPU
		{DB050918-1445-47DD-8024-887220B4BAC1}.Debug|Any CPU.Build.0 = Debug|Any CPU
		{DB050918-1445-47DD-8024-887220B4BAC1}.Release|Any CPU.ActiveCfg = Release|Any CPU
		{DB050918-1445-47DD-8024-887220B4BAC1}.Release|Any CPU.Build.0 = Release|Any CPU
	EndGlobalSection
	GlobalSection(SolutionProperties) = preSolution
		HideSolutionNode = FALSE
	EndGlobalSection
	GlobalSection(ExtensibilityGlobals) = postSolution
		SolutionGuid = {F7A60861-4714-4104-9C68-938DA1EEB646}
	EndGlobalSection
EndGlobal
